
Microsoft Visual Studio Solution File, Format Version 12.00
# Visual Studio Version 17
VisualStudioVersion = 17.14.36401.2
MinimumVisualStudioVersion = 10.0.40219.1
Project("{8BC9CEB8-8B4A-11D0-8D11-00A0C91BC942}") = "X", "X\X.vcxproj", "{6682BFD4-C79F-49BD-A114-6EE8FB79E8C3}"
EndProject
Project("{2150E333-8FDC-42A3-9474-1A3956D46DE8}") = "Externals", "Externals", "{856ED680-E9A4-400F-ADFF-D3C492DCA608}"
EndProject
Project("{8BC9CEB8-8B4A-11D0-8D11-00A0C91BC942}") = "FW1FontWrapper", "X\External\FW1FontWrapper\FW1FontWrapper.vcxproj", "{0D034612-14E2-44E7-993A-72344A2CA7BD}"
EndProject
Project("{8BC9CEB8-8B4A-11D0-8D11-00A0C91BC942}") = "ImGui", "X\External\ImGui\ImGui.vcxproj", "{BFF9C813-01AF-43B3-A23E-2C62F332B994}"
EndProject
Project("{2150E333-8FDC-42A3-9474-1A3956D46DE8}") = "Engine", "Engine", "{06FFC3E3-18A4-40A6-9BB7-DB38F117119F}"
EndProject
Project("{2150E333-8FDC-42A3-9474-1A3956D46DE8}") = "VGP230", "VGP230", "{6D1776DF-CA8F-46C8-A402-BD2CFFEB01BD}"
EndProject
Project("{8BC9CEB8-8B4A-11D0-8D11-00A0C91BC942}") = "DirectXTK_Desktop_2022", "X\External\DirectXTK\DirectXTK_Desktop_2022.vcxproj", "{E0B52AE7-E160-4D32-BF3F-910B785E5A8E}"
EndProject
Project("{8BC9CEB8-8B4A-11D0-8D11-00A0C91BC942}") = "Assignment_01", "VGP230\Assignment_01\Assignment_01.vcxproj", "{EB23AB57-2450-4E31-8414-78BF4CC927F5}"
EndProject
Project("{8BC9CEB8-8B4A-11D0-8D11-00A0C91BC942}") = "Week2 - SpaceShooter", "VGP230\Week2 - SpaceShooter\Week2 - SpaceShooter.vcxproj", "{99455F29-3D97-4535-AF23-1B0D832D7225}"
EndProject
Project("{8BC9CEB8-8B4A-11D0-8D11-00A0C91BC942}") = "Assigment_02_MidTermProject", "Assigment_02_MidTermProject\Assigment_02_MidTermProject.vcxproj", "{8EEE21B8-E8A6-436B-8DC6-AE49C6F4F0B6}"
EndProject
Project("{8BC9CEB8-8B4A-11D0-8D11-00A0C91BC942}") = "Assigment02_MidTerm_Good", "Assigment02_MidTerm_Good\Assigment02_MidTerm_Good.vcxproj", "{46DFEEC4-C1C2-4929-90C0-F9F1B633658D}"
EndProject
Project("{8BC9CEB8-8B4A-11D0-8D11-00A0C91BC942}") = "Hello_TileMap", "VGP230\Hello_TileMap\Hello_TileMap.vcxproj", "{292861DD-3565-4FEF-BE50-809913D3C6A9}"
EndProject
Project("{8BC9CEB8-8B4A-11D0-8D11-00A0C91BC942}") = "04_HelloZelda", "VGP230\04_HelloZelda\04_HelloZelda.vcxproj", "{075BC54C-CF27-45BA-9813-2675ECB48372}"
EndProject
Project("{8BC9CEB8-8B4A-11D0-8D11-00A0C91BC942}") = "05_HelloMario", "VGP230\05_HelloMario\05_HelloMario.vcxproj", "{371600CD-FF65-4207-B7E2-2C5AEBE8B4C2}"
EndProject
Project("{8BC9CEB8-8B4A-11D0-8D11-00A0C91BC942}") = "NamelessVigilante_FinalProject", "NamelessVigilante_FinalProject\NamelessVigilante_FinalProject.vcxproj", "{D9B9E77A-D921-4308-8D72-1BC302F441FF}"
EndProject
Global
	GlobalSection(SolutionConfigurationPlatforms) = preSolution
		Debug|x64 = Debug|x64
		Debug|x86 = Debug|x86
		Release|x64 = Release|x64
		Release|x86 = Release|x86
	EndGlobalSection
	GlobalSection(ProjectConfigurationPlatforms) = postSolution
		{6682BFD4-C79F-49BD-A114-6EE8FB79E8C3}.Debug|x64.ActiveCfg = Debug|x64
		{6682BFD4-C79F-49BD-A114-6EE8FB79E8C3}.Debug|x64.Build.0 = Debug|x64
		{6682BFD4-C79F-49BD-A114-6EE8FB79E8C3}.Debug|x86.ActiveCfg = Debug|Win32
		{6682BFD4-C79F-49BD-A114-6EE8FB79E8C3}.Debug|x86.Build.0 = Debug|Win32
		{6682BFD4-C79F-49BD-A114-6EE8FB79E8C3}.Release|x64.ActiveCfg = Release|x64
		{6682BFD4-C79F-49BD-A114-6EE8FB79E8C3}.Release|x64.Build.0 = Release|x64
		{6682BFD4-C79F-49BD-A114-6EE8FB79E8C3}.Release|x86.ActiveCfg = Release|Win32
		{6682BFD4-C79F-49BD-A114-6EE8FB79E8C3}.Release|x86.Build.0 = Release|Win32
		{0D034612-14E2-44E7-993A-72344A2CA7BD}.Debug|x64.ActiveCfg = Debug|x64
		{0D034612-14E2-44E7-993A-72344A2CA7BD}.Debug|x64.Build.0 = Debug|x64
		{0D034612-14E2-44E7-993A-72344A2CA7BD}.Debug|x86.ActiveCfg = Debug|Win32
		{0D034612-14E2-44E7-993A-72344A2CA7BD}.Debug|x86.Build.0 = Debug|Win32
		{0D034612-14E2-44E7-993A-72344A2CA7BD}.Release|x64.ActiveCfg = Release|x64
		{0D034612-14E2-44E7-993A-72344A2CA7BD}.Release|x64.Build.0 = Release|x64
		{0D034612-14E2-44E7-993A-72344A2CA7BD}.Release|x86.ActiveCfg = Release|Win32
		{0D034612-14E2-44E7-993A-72344A2CA7BD}.Release|x86.Build.0 = Release|Win32
		{BFF9C813-01AF-43B3-A23E-2C62F332B994}.Debug|x64.ActiveCfg = Debug|x64
		{BFF9C813-01AF-43B3-A23E-2C62F332B994}.Debug|x64.Build.0 = Debug|x64
		{BFF9C813-01AF-43B3-A23E-2C62F332B994}.Debug|x86.ActiveCfg = Debug|Win32
		{BFF9C813-01AF-43B3-A23E-2C62F332B994}.Debug|x86.Build.0 = Debug|Win32
		{BFF9C813-01AF-43B3-A23E-2C62F332B994}.Release|x64.ActiveCfg = Release|x64
		{BFF9C813-01AF-43B3-A23E-2C62F332B994}.Release|x64.Build.0 = Release|x64
		{BFF9C813-01AF-43B3-A23E-2C62F332B994}.Release|x86.ActiveCfg = Release|Win32
		{BFF9C813-01AF-43B3-A23E-2C62F332B994}.Release|x86.Build.0 = Release|Win32
		{E0B52AE7-E160-4D32-BF3F-910B785E5A8E}.Debug|x64.ActiveCfg = Debug|x64
		{E0B52AE7-E160-4D32-BF3F-910B785E5A8E}.Debug|x64.Build.0 = Debug|x64
		{E0B52AE7-E160-4D32-BF3F-910B785E5A8E}.Debug|x86.ActiveCfg = Debug|Win32
		{E0B52AE7-E160-4D32-BF3F-910B785E5A8E}.Debug|x86.Build.0 = Debug|Win32
		{E0B52AE7-E160-4D32-BF3F-910B785E5A8E}.Release|x64.ActiveCfg = Release|x64
		{E0B52AE7-E160-4D32-BF3F-910B785E5A8E}.Release|x64.Build.0 = Release|x64
		{E0B52AE7-E160-4D32-BF3F-910B785E5A8E}.Release|x86.ActiveCfg = Release|Win32
		{E0B52AE7-E160-4D32-BF3F-910B785E5A8E}.Release|x86.Build.0 = Release|Win32
		{EB23AB57-2450-4E31-8414-78BF4CC927F5}.Debug|x64.ActiveCfg = Debug|x64
		{EB23AB57-2450-4E31-8414-78BF4CC927F5}.Debug|x64.Build.0 = Debug|x64
		{EB23AB57-2450-4E31-8414-78BF4CC927F5}.Debug|x86.ActiveCfg = Debug|Win32
		{EB23AB57-2450-4E31-8414-78BF4CC927F5}.Debug|x86.Build.0 = Debug|Win32
		{EB23AB57-2450-4E31-8414-78BF4CC927F5}.Release|x64.ActiveCfg = Release|x64
		{EB23AB57-2450-4E31-8414-78BF4CC927F5}.Release|x64.Build.0 = Release|x64
		{EB23AB57-2450-4E31-8414-78BF4CC927F5}.Release|x86.ActiveCfg = Release|Win32
		{EB23AB57-2450-4E31-8414-78BF4CC927F5}.Release|x86.Build.0 = Release|Win32
		{99455F29-3D97-4535-AF23-1B0D832D7225}.Debug|x64.ActiveCfg = Debug|x64
		{99455F29-3D97-4535-AF23-1B0D832D7225}.Debug|x64.Build.0 = Debug|x64
		{99455F29-3D97-4535-AF23-1B0D832D7225}.Debug|x86.ActiveCfg = Debug|Win32
		{99455F29-3D97-4535-AF23-1B0D832D7225}.Debug|x86.Build.0 = Debug|Win32
		{99455F29-3D97-4535-AF23-1B0D832D7225}.Release|x64.ActiveCfg = Release|x64
		{99455F29-3D97-4535-AF23-1B0D832D7225}.Release|x64.Build.0 = Release|x64
		{99455F29-3D97-4535-AF23-1B0D832D7225}.Release|x86.ActiveCfg = Release|Win32
		{99455F29-3D97-4535-AF23-1B0D832D7225}.Release|x86.Build.0 = Release|Win32
		{8EEE21B8-E8A6-436B-8DC6-AE49C6F4F0B6}.Debug|x64.ActiveCfg = Debug|x64
		{8EEE21B8-E8A6-436B-8DC6-AE49C6F4F0B6}.Debug|x64.Build.0 = Debug|x64
		{8EEE21B8-E8A6-436B-8DC6-AE49C6F4F0B6}.Debug|x86.ActiveCfg = Debug|Win32
		{8EEE21B8-E8A6-436B-8DC6-AE49C6F4F0B6}.Debug|x86.Build.0 = Debug|Win32
		{8EEE21B8-E8A6-436B-8DC6-AE49C6F4F0B6}.Release|x64.ActiveCfg = Release|x64
		{8EEE21B8-E8A6-436B-8DC6-AE49C6F4F0B6}.Release|x64.Build.0 = Release|x64
		{8EEE21B8-E8A6-436B-8DC6-AE49C6F4F0B6}.Release|x86.ActiveCfg = Release|Win32
		{8EEE21B8-E8A6-436B-8DC6-AE49C6F4F0B6}.Release|x86.Build.0 = Release|Win32
		{46DFEEC4-C1C2-4929-90C0-F9F1B633658D}.Debug|x64.ActiveCfg = Debug|x64
		{46DFEEC4-C1C2-4929-90C0-F9F1B633658D}.Debug|x64.Build.0 = Debug|x64
		{46DFEEC4-C1C2-4929-90C0-F9F1B633658D}.Debug|x86.ActiveCfg = Debug|Win32
		{46DFEEC4-C1C2-4929-90C0-F9F1B633658D}.Debug|x86.Build.0 = Debug|Win32
		{46DFEEC4-C1C2-4929-90C0-F9F1B633658D}.Release|x64.ActiveCfg = Release|x64
		{46DFEEC4-C1C2-4929-90C0-F9F1B633658D}.Release|x64.Build.0 = Release|x64
		{46DFEEC4-C1C2-4929-90C0-F9F1B633658D}.Release|x86.ActiveCfg = Release|Win32
		{46DFEEC4-C1C2-4929-90C0-F9F1B633658D}.Release|x86.Build.0 = Release|Win32
		{292861DD-3565-4FEF-BE50-809913D3C6A9}.Debug|x64.ActiveCfg = Debug|x64
		{292861DD-3565-4FEF-BE50-809913D3C6A9}.Debug|x64.Build.0 = Debug|x64
		{292861DD-3565-4FEF-BE50-809913D3C6A9}.Debug|x86.ActiveCfg = Debug|Win32
		{292861DD-3565-4FEF-BE50-809913D3C6A9}.Debug|x86.Build.0 = Debug|Win32
		{292861DD-3565-4FEF-BE50-809913D3C6A9}.Release|x64.ActiveCfg = Release|x64
		{292861DD-3565-4FEF-BE50-809913D3C6A9}.Release|x64.Build.0 = Release|x64
		{292861DD-3565-4FEF-BE50-809913D3C6A9}.Release|x86.ActiveCfg = Release|Win32
		{292861DD-3565-4FEF-BE50-809913D3C6A9}.Release|x86.Build.0 = Release|Win32
		{075BC54C-CF27-45BA-9813-2675ECB48372}.Debug|x64.ActiveCfg = Debug|x64
		{075BC54C-CF27-45BA-9813-2675ECB48372}.Debug|x64.Build.0 = Debug|x64
		{075BC54C-CF27-45BA-9813-2675ECB48372}.Debug|x86.ActiveCfg = Debug|Win32
		{075BC54C-CF27-45BA-9813-2675ECB48372}.Debug|x86.Build.0 = Debug|Win32
		{075BC54C-CF27-45BA-9813-2675ECB48372}.Release|x64.ActiveCfg = Release|x64
		{075BC54C-CF27-45BA-9813-2675ECB48372}.Release|x64.Build.0 = Release|x64
		{075BC54C-CF27-45BA-9813-2675ECB48372}.Release|x86.ActiveCfg = Release|Win32
		{075BC54C-CF27-45BA-9813-2675ECB48372}.Release|x86.Build.0 = Release|Win32
		{371600CD-FF65-4207-B7E2-2C5AEBE8B4C2}.Debug|x64.ActiveCfg = Debug|x64
		{371600CD-FF65-4207-B7E2-2C5AEBE8B4C2}.Debug|x64.Build.0 = Debug|x64
		{371600CD-FF65-4207-B7E2-2C5AEBE8B4C2}.Debug|x86.ActiveCfg = Debug|Win32
		{371600CD-FF65-4207-B7E2-2C5AEBE8B4C2}.Debug|x86.Build.0 = Debug|Win32
		{371600CD-FF65-4207-B7E2-2C5AEBE8B4C2}.Release|x64.ActiveCfg = Release|x64
		{371600CD-FF65-4207-B7E2-2C5AEBE8B4C2}.Release|x64.Build.0 = Release|x64
		{371600CD-FF65-4207-B7E2-2C5AEBE8B4C2}.Release|x86.ActiveCfg = Release|Win32
		{371600CD-FF65-4207-B7E2-2C5AEBE8B4C2}.Release|x86.Build.0 = Release|Win32
		{D9B9E77A-D921-4308-8D72-1BC302F441FF}.Debug|x64.ActiveCfg = Debug|x64
		{D9B9E77A-D921-4308-8D72-1BC302F441FF}.Debug|x64.Build.0 = Debug|x64
		{D9B9E77A-D921-4308-8D72-1BC302F441FF}.Debug|x86.ActiveCfg = Debug|Win32
		{D9B9E77A-D921-4308-8D72-1BC302F441FF}.Debug|x86.Build.0 = Debug|Win32
		{D9B9E77A-D921-4308-8D72-1BC302F441FF}.Release|x64.ActiveCfg = Release|x64
		{D9B9E77A-D921-4308-8D72-1BC302F441FF}.Release|x64.Build.0 = Release|x64
		{D9B9E77A-D921-4308-8D72-1BC302F441FF}.Release|x86.ActiveCfg = Release|Win32
		{D9B9E77A-D921-4308-8D72-1BC302F441FF}.Release|x86.Build.0 = Release|Win32
	EndGlobalSection
	GlobalSection(SolutionProperties) = preSolution
		HideSolutionNode = FALSE
	EndGlobalSection
	GlobalSection(NestedProjects) = preSolution
		{6682BFD4-C79F-49BD-A114-6EE8FB79E8C3} = {06FFC3E3-18A4-40A6-9BB7-DB38F117119F}
		{0D034612-14E2-44E7-993A-72344A2CA7BD} = {856ED680-E9A4-400F-ADFF-D3C492DCA608}
		{BFF9C813-01AF-43B3-A23E-2C62F332B994} = {856ED680-E9A4-400F-ADFF-D3C492DCA608}
		{E0B52AE7-E160-4D32-BF3F-910B785E5A8E} = {856ED680-E9A4-400F-ADFF-D3C492DCA608}
		{EB23AB57-2450-4E31-8414-78BF4CC927F5} = {6D1776DF-CA8F-46C8-A402-BD2CFFEB01BD}
		{99455F29-3D97-4535-AF23-1B0D832D7225} = {6D1776DF-CA8F-46C8-A402-BD2CFFEB01BD}
		{8EEE21B8-E8A6-436B-8DC6-AE49C6F4F0B6} = {6D1776DF-CA8F-46C8-A402-BD2CFFEB01BD}
		{46DFEEC4-C1C2-4929-90C0-F9F1B633658D} = {6D1776DF-CA8F-46C8-A402-BD2CFFEB01BD}
		{292861DD-3565-4FEF-BE50-809913D3C6A9} = {6D1776DF-CA8F-46C8-A402-BD2CFFEB01BD}
		{075BC54C-CF27-45BA-9813-2675ECB48372} = {6D1776DF-CA8F-46C8-A402-BD2CFFEB01BD}
		{371600CD-FF65-4207-B7E2-2C5AEBE8B4C2} = {6D1776DF-CA8F-46C8-A402-BD2CFFEB01BD}
		{D9B9E77A-D921-4308-8D72-1BC302F441FF} = {6D1776DF-CA8F-46C8-A402-BD2CFFEB01BD}
	EndGlobalSection
	GlobalSection(ExtensibilityGlobals) = postSolution
		SolutionGuid = {2D84BED7-7031-4090-B4D3-57A9E4C0998B}
	EndGlobalSection
EndGlobal
